
Microsoft Visual Studio Solution File, Format Version 12.00
# Visual Studio Version 17
VisualStudioVersion = 17.0.31903.59
MinimumVisualStudioVersion = 10.0.40219.1
Project("{FAE04EC0-301F-11D3-BF4B-00C04F79EFBC}") = "TestConsole", "TestConsole\TestConsole.csproj", "{612B0519-F459-4451-9E59-BD00F3220AAF}"
EndProject
Project("{FAE04EC0-301F-11D3-BF4B-00C04F79EFBC}") = "WebHome", "WebHome\WebHome.csproj", "{2A7B2508-A519-47A6-8BF9-435ED65F3123}"
EndProject
Project("{FAE04EC0-301F-11D3-BF4B-00C04F79EFBC}") = "ExternalPdfWrapper", "ExternalPdfWrapper\ExternalPdfWrapper.csproj", "{8740BB58-83FE-4192-AF24-CA696F3F36A0}"
EndProject
Project("{FAE04EC0-301F-11D3-BF4B-00C04F79EFBC}") = "CommonLib.PlugInAdapter", "CommonLib.PlugInAdapter\CommonLib.PlugInAdapter.csproj", "{DEEB3F30-28DE-4CE6-AA6F-8F76A13229C2}"
EndProject
Project("{FAE04EC0-301F-11D3-BF4B-00C04F79EFBC}") = "CommonLib.Utility", "CommonLib.Utility\CommonLib.Utility.csproj", "{FA1D4218-5CE7-4EEE-A6AF-955FB21B3303}"
EndProject
Project("{FAE04EC0-301F-11D3-BF4B-00C04F79EFBC}") = "CommonLib.Logger", "CommonLib.Logger\CommonLib.Logger.csproj", "{9C499380-7030-4AAC-9240-F9DBE26CD931}"
EndProject
Project("{FAE04EC0-301F-11D3-BF4B-00C04F79EFBC}") = "CommonLib.Core", "CommonLib.Core\CommonLib.Core.csproj", "{53C61F00-D798-4151-AAD0-51BC6D60984D}"
EndProject
Project("{FAE04EC0-301F-11D3-BF4B-00C04F79EFBC}") = "EAI", "EAI\EAI.csproj", "{7936CA54-B993-4C1F-B333-692E482FB97D}"
EndProject
Project("{FAE04EC0-301F-11D3-BF4B-00C04F79EFBC}") = "ModelCore", "ModelCore\ModelCore.csproj", "{BBECD48A-A533-379F-5841-4E7D10CD2686}"
EndProject
Global
	GlobalSection(SolutionConfigurationPlatforms) = preSolution
		Debug|Any CPU = Debug|Any CPU
		Debug|x64 = Debug|x64
		Debug|x86 = Debug|x86
		Release|Any CPU = Release|Any CPU
		Release|x64 = Release|x64
		Release|x86 = Release|x86
	EndGlobalSection
	GlobalSection(ProjectConfigurationPlatforms) = postSolution
		{612B0519-F459-4451-9E59-BD00F3220AAF}.Debug|Any CPU.ActiveCfg = Debug|Any CPU
		{612B0519-F459-4451-9E59-BD00F3220AAF}.Debug|Any CPU.Build.0 = Debug|Any CPU
		{612B0519-F459-4451-9E59-BD00F3220AAF}.Debug|x64.ActiveCfg = Debug|Any CPU
		{612B0519-F459-4451-9E59-BD00F3220AAF}.Debug|x64.Build.0 = Debug|Any CPU
		{612B0519-F459-4451-9E59-BD00F3220AAF}.Debug|x86.ActiveCfg = Debug|Any CPU
		{612B0519-F459-4451-9E59-BD00F3220AAF}.Debug|x86.Build.0 = Debug|Any CPU
		{612B0519-F459-4451-9E59-BD00F3220AAF}.Release|Any CPU.ActiveCfg = Release|Any CPU
		{612B0519-F459-4451-9E59-BD00F3220AAF}.Release|Any CPU.Build.0 = Release|Any CPU
		{612B0519-F459-4451-9E59-BD00F3220AAF}.Release|x64.ActiveCfg = Release|Any CPU
		{612B0519-F459-4451-9E59-BD00F3220AAF}.Release|x64.Build.0 = Release|Any CPU
		{612B0519-F459-4451-9E59-BD00F3220AAF}.Release|x86.ActiveCfg = Release|Any CPU
		{612B0519-F459-4451-9E59-BD00F3220AAF}.Release|x86.Build.0 = Release|Any CPU
		{2A7B2508-A519-47A6-8BF9-435ED65F3123}.Debug|Any CPU.ActiveCfg = Debug|Any CPU
		{2A7B2508-A519-47A6-8BF9-435ED65F3123}.Debug|Any CPU.Build.0 = Debug|Any CPU
		{2A7B2508-A519-47A6-8BF9-435ED65F3123}.Debug|x64.ActiveCfg = Debug|Any CPU
		{2A7B2508-A519-47A6-8BF9-435ED65F3123}.Debug|x64.Build.0 = Debug|Any CPU
		{2A7B2508-A519-47A6-8BF9-435ED65F3123}.Debug|x86.ActiveCfg = Debug|Any CPU
		{2A7B2508-A519-47A6-8BF9-435ED65F3123}.Debug|x86.Build.0 = Debug|Any CPU
		{2A7B2508-A519-47A6-8BF9-435ED65F3123}.Release|Any CPU.ActiveCfg = Release|Any CPU
		{2A7B2508-A519-47A6-8BF9-435ED65F3123}.Release|Any CPU.Build.0 = Release|Any CPU
		{2A7B2508-A519-47A6-8BF9-435ED65F3123}.Release|x64.ActiveCfg = Release|Any CPU
		{2A7B2508-A519-47A6-8BF9-435ED65F3123}.Release|x64.Build.0 = Release|Any CPU
		{2A7B2508-A519-47A6-8BF9-435ED65F3123}.Release|x86.ActiveCfg = Release|Any CPU
		{2A7B2508-A519-47A6-8BF9-435ED65F3123}.Release|x86.Build.0 = Release|Any CPU
		{8740BB58-83FE-4192-AF24-CA696F3F36A0}.Debug|Any CPU.ActiveCfg = Debug|Any CPU
		{8740BB58-83FE-4192-AF24-CA696F3F36A0}.Debug|Any CPU.Build.0 = Debug|Any CPU
		{8740BB58-83FE-4192-AF24-CA696F3F36A0}.Debug|x64.ActiveCfg = Debug|Any CPU
		{8740BB58-83FE-4192-AF24-CA696F3F36A0}.Debug|x64.Build.0 = Debug|Any CPU
		{8740BB58-83FE-4192-AF24-CA696F3F36A0}.Debug|x86.ActiveCfg = Debug|Any CPU
		{8740BB58-83FE-4192-AF24-CA696F3F36A0}.Debug|x86.Build.0 = Debug|Any CPU
		{8740BB58-83FE-4192-AF24-CA696F3F36A0}.Release|Any CPU.ActiveCfg = Release|Any CPU
		{8740BB58-83FE-4192-AF24-CA696F3F36A0}.Release|Any CPU.Build.0 = Release|Any CPU
		{8740BB58-83FE-4192-AF24-CA696F3F36A0}.Release|x64.ActiveCfg = Release|Any CPU
		{8740BB58-83FE-4192-AF24-CA696F3F36A0}.Release|x64.Build.0 = Release|Any CPU
		{8740BB58-83FE-4192-AF24-CA696F3F36A0}.Release|x86.ActiveCfg = Release|Any CPU
		{8740BB58-83FE-4192-AF24-CA696F3F36A0}.Release|x86.Build.0 = Release|Any CPU
		{DEEB3F30-28DE-4CE6-AA6F-8F76A13229C2}.Debug|Any CPU.ActiveCfg = Debug|Any CPU
		{DEEB3F30-28DE-4CE6-AA6F-8F76A13229C2}.Debug|Any CPU.Build.0 = Debug|Any CPU
		{DEEB3F30-28DE-4CE6-AA6F-8F76A13229C2}.Debug|x64.ActiveCfg = Debug|Any CPU
		{DEEB3F30-28DE-4CE6-AA6F-8F76A13229C2}.Debug|x64.Build.0 = Debug|Any CPU
		{DEEB3F30-28DE-4CE6-AA6F-8F76A13229C2}.Debug|x86.ActiveCfg = Debug|Any CPU
		{DEEB3F30-28DE-4CE6-AA6F-8F76A13229C2}.Debug|x86.Build.0 = Debug|Any CPU
		{DEEB3F30-28DE-4CE6-AA6F-8F76A13229C2}.Release|Any CPU.ActiveCfg = Release|Any CPU
		{DEEB3F30-28DE-4CE6-AA6F-8F76A13229C2}.Release|Any CPU.Build.0 = Release|Any CPU
		{DEEB3F30-28DE-4CE6-AA6F-8F76A13229C2}.Release|x64.ActiveCfg = Release|Any CPU
		{DEEB3F30-28DE-4CE6-AA6F-8F76A13229C2}.Release|x64.Build.0 = Release|Any CPU
		{DEEB3F30-28DE-4CE6-AA6F-8F76A13229C2}.Release|x86.ActiveCfg = Release|Any CPU
		{DEEB3F30-28DE-4CE6-AA6F-8F76A13229C2}.Release|x86.Build.0 = Release|Any CPU
		{FA1D4218-5CE7-4EEE-A6AF-955FB21B3303}.Debug|Any CPU.ActiveCfg = Debug|Any CPU
		{FA1D4218-5CE7-4EEE-A6AF-955FB21B3303}.Debug|Any CPU.Build.0 = Debug|Any CPU
		{FA1D4218-5CE7-4EEE-A6AF-955FB21B3303}.Debug|x64.ActiveCfg = Debug|Any CPU
		{FA1D4218-5CE7-4EEE-A6AF-955FB21B3303}.Debug|x64.Build.0 = Debug|Any CPU
		{FA1D4218-5CE7-4EEE-A6AF-955FB21B3303}.Debug|x86.ActiveCfg = Debug|Any CPU
		{FA1D4218-5CE7-4EEE-A6AF-955FB21B3303}.Debug|x86.Build.0 = Debug|Any CPU
		{FA1D4218-5CE7-4EEE-A6AF-955FB21B3303}.Release|Any CPU.ActiveCfg = Release|Any CPU
		{FA1D4218-5CE7-4EEE-A6AF-955FB21B3303}.Release|Any CPU.Build.0 = Release|Any CPU
		{FA1D4218-5CE7-4EEE-A6AF-955FB21B3303}.Release|x64.ActiveCfg = Release|Any CPU
		{FA1D4218-5CE7-4EEE-A6AF-955FB21B3303}.Release|x64.Build.0 = Release|Any CPU
		{FA1D4218-5CE7-4EEE-A6AF-955FB21B3303}.Release|x86.ActiveCfg = Release|Any CPU
		{FA1D4218-5CE7-4EEE-A6AF-955FB21B3303}.Release|x86.Build.0 = Release|Any CPU
		{9C499380-7030-4AAC-9240-F9DBE26CD931}.Debug|Any CPU.ActiveCfg = Debug|Any CPU
		{9C499380-7030-4AAC-9240-F9DBE26CD931}.Debug|Any CPU.Build.0 = Debug|Any CPU
		{9C499380-7030-4AAC-9240-F9DBE26CD931}.Debug|x64.ActiveCfg = Debug|Any CPU
		{9C499380-7030-4AAC-9240-F9DBE26CD931}.Debug|x64.Build.0 = Debug|Any CPU
		{9C499380-7030-4AAC-9240-F9DBE26CD931}.Debug|x86.ActiveCfg = Debug|Any CPU
		{9C499380-7030-4AAC-9240-F9DBE26CD931}.Debug|x86.Build.0 = Debug|Any CPU
		{9C499380-7030-4AAC-9240-F9DBE26CD931}.Release|Any CPU.ActiveCfg = Release|Any CPU
		{9C499380-7030-4AAC-9240-F9DBE26CD931}.Release|Any CPU.Build.0 = Release|Any CPU
		{9C499380-7030-4AAC-9240-F9DBE26CD931}.Release|x64.ActiveCfg = Release|Any CPU
		{9C499380-7030-4AAC-9240-F9DBE26CD931}.Release|x64.Build.0 = Release|Any CPU
		{9C499380-7030-4AAC-9240-F9DBE26CD931}.Release|x86.ActiveCfg = Release|Any CPU
		{9C499380-7030-4AAC-9240-F9DBE26CD931}.Release|x86.Build.0 = Release|Any CPU
		{53C61F00-D798-4151-AAD0-51BC6D60984D}.Debug|Any CPU.ActiveCfg = Debug|Any CPU
		{53C61F00-D798-4151-AAD0-51BC6D60984D}.Debug|Any CPU.Build.0 = Debug|Any CPU
		{53C61F00-D798-4151-AAD0-51BC6D60984D}.Debug|x64.ActiveCfg = Debug|Any CPU
		{53C61F00-D798-4151-AAD0-51BC6D60984D}.Debug|x64.Build.0 = Debug|Any CPU
		{53C61F00-D798-4151-AAD0-51BC6D60984D}.Debug|x86.ActiveCfg = Debug|Any CPU
		{53C61F00-D798-4151-AAD0-51BC6D60984D}.Debug|x86.Build.0 = Debug|Any CPU
		{53C61F00-D798-4151-AAD0-51BC6D60984D}.Release|Any CPU.ActiveCfg = Release|Any CPU
		{53C61F00-D798-4151-AAD0-51BC6D60984D}.Release|Any CPU.Build.0 = Release|Any CPU
		{53C61F00-D798-4151-AAD0-51BC6D60984D}.Release|x64.ActiveCfg = Release|Any CPU
		{53C61F00-D798-4151-AAD0-51BC6D60984D}.Release|x64.Build.0 = Release|Any CPU
		{53C61F00-D798-4151-AAD0-51BC6D60984D}.Release|x86.ActiveCfg = Release|Any CPU
		{53C61F00-D798-4151-AAD0-51BC6D60984D}.Release|x86.Build.0 = Release|Any CPU
		{7936CA54-B993-4C1F-B333-692E482FB97D}.Debug|Any CPU.ActiveCfg = Debug|Any CPU
		{7936CA54-B993-4C1F-B333-692E482FB97D}.Debug|Any CPU.Build.0 = Debug|Any CPU
		{7936CA54-B993-4C1F-B333-692E482FB97D}.Debug|x64.ActiveCfg = Debug|Any CPU
		{7936CA54-B993-4C1F-B333-692E482FB97D}.Debug|x64.Build.0 = Debug|Any CPU
		{7936CA54-B993-4C1F-B333-692E482FB97D}.Debug|x86.ActiveCfg = Debug|Any CPU
		{7936CA54-B993-4C1F-B333-692E482FB97D}.Debug|x86.Build.0 = Debug|Any CPU
		{7936CA54-B993-4C1F-B333-692E482FB97D}.Release|Any CPU.ActiveCfg = Release|Any CPU
		{7936CA54-B993-4C1F-B333-692E482FB97D}.Release|Any CPU.Build.0 = Release|Any CPU
		{7936CA54-B993-4C1F-B333-692E482FB97D}.Release|x64.ActiveCfg = Release|Any CPU
		{7936CA54-B993-4C1F-B333-692E482FB97D}.Release|x64.Build.0 = Release|Any CPU
		{7936CA54-B993-4C1F-B333-692E482FB97D}.Release|x86.ActiveCfg = Release|Any CPU
		{7936CA54-B993-4C1F-B333-692E482FB97D}.Release|x86.Build.0 = Release|Any CPU
		{BBECD48A-A533-379F-5841-4E7D10CD2686}.Debug|Any CPU.ActiveCfg = Debug|Any CPU
		{BBECD48A-A533-379F-5841-4E7D10CD2686}.Debug|Any CPU.Build.0 = Debug|Any CPU
		{BBECD48A-A533-379F-5841-4E7D10CD2686}.Debug|x64.ActiveCfg = Debug|Any CPU
		{BBECD48A-A533-379F-5841-4E7D10CD2686}.Debug|x64.Build.0 = Debug|Any CPU
		{BBECD48A-A533-379F-5841-4E7D10CD2686}.Debug|x86.ActiveCfg = Debug|Any CPU
		{BBECD48A-A533-379F-5841-4E7D10CD2686}.Debug|x86.Build.0 = Debug|Any CPU
		{BBECD48A-A533-379F-5841-4E7D10CD2686}.Release|Any CPU.ActiveCfg = Release|Any CPU
		{BBECD48A-A533-379F-5841-4E7D10CD2686}.Release|Any CPU.Build.0 = Release|Any CPU
		{BBECD48A-A533-379F-5841-4E7D10CD2686}.Release|x64.ActiveCfg = Release|Any CPU
		{BBECD48A-A533-379F-5841-4E7D10CD2686}.Release|x64.Build.0 = Release|Any CPU
		{BBECD48A-A533-379F-5841-4E7D10CD2686}.Release|x86.ActiveCfg = Release|Any CPU
		{BBECD48A-A533-379F-5841-4E7D10CD2686}.Release|x86.Build.0 = Release|Any CPU
	EndGlobalSection
	GlobalSection(SolutionProperties) = preSolution
		HideSolutionNode = FALSE
	EndGlobalSection
	GlobalSection(ExtensibilityGlobals) = postSolution
		SolutionGuid = {0948BF2F-C0C4-4FBD-AC9B-373EA39FBDD8}
	EndGlobalSection
EndGlobal
